
Microsoft Visual Studio Solution File, Format Version 12.00
# Visual Studio 2012
Project("{FAE04EC0-301F-11D3-BF4B-00C04F79EFBC}") = "Server", "Server.csproj", "{BC4201AA-D330-48B7-97AF-BE5B2DE47738}"
EndProject
Global
	GlobalSection(SolutionConfigurationPlatforms) = preSolution
		Debug|Any CPU = Debug|Any CPU
		Release|Any CPU = Release|Any CPU
	EndGlobalSection
	GlobalSection(ProjectConfigurationPlatforms) = postSolution
		{BC4201AA-D330-48B7-97AF-BE5B2DE47738}.Debug|Any CPU.ActiveCfg = Debug|Any CPU
		{BC4201AA-D330-48B7-97AF-BE5B2DE47738}.Debug|Any CPU.Build.0 = Debug|Any CPU
		{BC4201AA-D330-48B7-97AF-BE5B2DE47738}.Release|Any CPU.ActiveCfg = Release|Any CPU
		{BC4201AA-D330-48B7-97AF-BE5B2DE47738}.Release|Any CPU.Build.0 = Release|Any CPU
	EndGlobalSection
	GlobalSection(SolutionProperties) = preSolution
		HideSolutionNode = FALSE
	EndGlobalSection
EndGlobal
